Microsoft Visual Studio Solution File, Format Version 9.00
# Visual C++ Express 2005
Project("{8BC9CEB8-8B4A-11D0-8D11-00A0C91BC942}") = "OPCODE", "..\OPCODE\Opcode_vs8.vcproj", "{61FA7C25-28B9-4B56-97DF-B3F1B9A89938}"
EndProject
Project("{8BC9CEB8-8B4A-11D0-8D11-00A0C91BC942}") = "ode", "ode_vs8.vcproj", "{27AF2FA3-19C2-4DE4-8E9C-CB258545F4AE}"
	ProjectSection(ProjectDependencies) = postProject
		{61FA7C25-28B9-4B56-97DF-B3F1B9A89938} = {61FA7C25-28B9-4B56-97DF-B3F1B9A89938}
	EndProjectSection
EndProject
Global
	GlobalSection(SolutionConfigurationPlatforms) = preSolution
		Debug|Win32 = Debug|Win32
		Release|Win32 = Release|Win32
	EndGlobalSection
	GlobalSection(ProjectConfigurationPlatforms) = postSolution
		{61FA7C25-28B9-4B56-97DF-B3F1B9A89938}.Debug|Win32.ActiveCfg = Debug|Win32
		{61FA7C25-28B9-4B56-97DF-B3F1B9A89938}.Debug|Win32.Build.0 = Debug|Win32
		{61FA7C25-28B9-4B56-97DF-B3F1B9A89938}.Release|Win32.ActiveCfg = Release|Win32
		{61FA7C25-28B9-4B56-97DF-B3F1B9A89938}.Release|Win32.Build.0 = Release|Win32
		{27AF2FA3-19C2-4DE4-8E9C-CB258545F4AE}.Debug|Win32.ActiveCfg = Debug|Win32
		{27AF2FA3-19C2-4DE4-8E9C-CB258545F4AE}.Debug|Win32.Build.0 = Debug|Win32
		{27AF2FA3-19C2-4DE4-8E9C-CB258545F4AE}.Release|Win32.ActiveCfg = Release|Win32
		{27AF2FA3-19C2-4DE4-8E9C-CB258545F4AE}.Release|Win32.Build.0 = Release|Win32
	EndGlobalSection
	GlobalSection(SolutionProperties) = preSolution
		HideSolutionNode = FALSE
	EndGlobalSection
EndGlobal
